# THIS IS AN AUTOGENERATED FILE. DO NOT EDIT THIS FILE DIRECTLY.
# yarn lockfile v1


delay@^4.4.0:
  version "4.4.0"
  resolved "https://registry.yarnpkg.com/delay/-/delay-4.4.0.tgz#71abc745f3ce043fe7f450491236541edec4ad0c"
  integrity sha512-txgOrJu3OdtOfTiEOT2e76dJVfG/1dz2NZ4F0Pyt4UGZJryssMRp5vdM5wQoLwSOBNdrJv3F9PAhp/heqd7vrA==
